
Microsoft Visual Studio Solution File, Format Version 12.00
# Visual Studio Version 16
VisualStudioVersion = 16.0.32106.194
MinimumVisualStudioVersion = 10.0.40219.1
Project("{FAE04EC0-301F-11D3-BF4B-00C04F79EFBC}") = "QuanLyKho-Tuan1", "QuanLyKho-Tuan1.csproj", "{15A57FC5-4DA7-427B-9AB1-D958618C9E7F}"
EndProject
Global
	GlobalSection(SolutionConfigurationPlatforms) = preSolution
		Debug|Any CPU = Debug|Any CPU
		Release|Any CPU = Release|Any CPU
	EndGlobalSection
	GlobalSection(ProjectConfigurationPlatforms) = postSolution
		{15A57FC5-4DA7-427B-9AB1-D958618C9E7F}.Debug|Any CPU.ActiveCfg = Debug|Any CPU
		{15A57FC5-4DA7-427B-9AB1-D958618C9E7F}.Debug|Any CPU.Build.0 = Debug|Any CPU
		{15A57FC5-4DA7-427B-9AB1-D958618C9E7F}.Release|Any CPU.ActiveCfg = Release|Any CPU
		{15A57FC5-4DA7-427B-9AB1-D958618C9E7F}.Release|Any CPU.Build.0 = Release|Any CPU
	EndGlobalSection
	GlobalSection(SolutionProperties) = preSolution
		HideSolutionNode = FALSE
	EndGlobalSection
	GlobalSection(ExtensibilityGlobals) = postSolution
		SolutionGuid = {2E77EBFB-DE88-4861-9D55-35FD2C27979D}
	EndGlobalSection
EndGlobal
